{
  "name": "@ahnafyy/product-attribute-saturation",
  "version": "0.1.0",
  "lockfileVersion": 3,
  "requires": true,
  "packages": {
    "": {
      "name": "@ahnafyy/product-attribute-saturation",
      "version": "0.1.0",
      "license": "MIT",
      "engines": {
        "node": ">=22.12.0"
      }
    }
  }
}
